
Microsoft Visual Studio Solution File, Format Version 12.00
# Visual Studio Version 17
VisualStudioVersion = 17.0.32014.148
MinimumVisualStudioVersion = 10.0.40219.1
Project("{8BC9CEB8-8B4A-11D0-8D11-00A0C91BC942}") = "c++ lab cycle q6", "c++ lab cycle q6\c++ lab cycle q6.vcxproj", "{2572BBE4-EB7E-4171-9699-8BA98633897D}"
EndProject
Global
	GlobalSection(SolutionConfigurationPlatforms) = preSolution
		Debug|x64 = Debug|x64
		Debug|x86 = Debug|x86
		Release|x64 = Release|x64
		Release|x86 = Release|x86
	EndGlobalSection
	GlobalSection(ProjectConfigurationPlatforms) = postSolution
		{2572BBE4-EB7E-4171-9699-8BA98633897D}.Debug|x64.ActiveCfg = Debug|x64
		{2572BBE4-EB7E-4171-9699-8BA98633897D}.Debug|x64.Build.0 = Debug|x64
		{2572BBE4-EB7E-4171-9699-8BA98633897D}.Debug|x86.ActiveCfg = Debug|Win32
		{2572BBE4-EB7E-4171-9699-8BA98633897D}.Debug|x86.Build.0 = Debug|Win32
		{2572BBE4-EB7E-4171-9699-8BA98633897D}.Release|x64.ActiveCfg = Release|x64
		{2572BBE4-EB7E-4171-9699-8BA98633897D}.Release|x64.Build.0 = Release|x64
		{2572BBE4-EB7E-4171-9699-8BA98633897D}.Release|x86.ActiveCfg = Release|Win32
		{2572BBE4-EB7E-4171-9699-8BA98633897D}.Release|x86.Build.0 = Release|Win32
	EndGlobalSection
	GlobalSection(SolutionProperties) = preSolution
		HideSolutionNode = FALSE
	EndGlobalSection
	GlobalSection(ExtensibilityGlobals) = postSolution
		SolutionGuid = {6F5FC87B-E540-44E5-BFA3-EF74CA4E8420}
	EndGlobalSection
EndGlobal
